
Microsoft Visual Studio Solution File, Format Version 12.00
# Visual Studio Version 17
VisualStudioVersion = 17.5.002.0
MinimumVisualStudioVersion = 10.0.40219.1
Project("{9A19103F-16F7-4668-BE54-9A1E7A4F7556}") = "proyectop", "proyectop.csproj", "{63B03DE1-6D5D-4DA6-B8D2-CCFFE50A1D1B}"
EndProject
Global
	GlobalSection(SolutionConfigurationPlatforms) = preSolution
		Debug|Any CPU = Debug|Any CPU
		Release|Any CPU = Release|Any CPU
	EndGlobalSection
	GlobalSection(ProjectConfigurationPlatforms) = postSolution
		{63B03DE1-6D5D-4DA6-B8D2-CCFFE50A1D1B}.Debug|Any CPU.ActiveCfg = Debug|Any CPU
		{63B03DE1-6D5D-4DA6-B8D2-CCFFE50A1D1B}.Debug|Any CPU.Build.0 = Debug|Any CPU
		{63B03DE1-6D5D-4DA6-B8D2-CCFFE50A1D1B}.Release|Any CPU.ActiveCfg = Release|Any CPU
		{63B03DE1-6D5D-4DA6-B8D2-CCFFE50A1D1B}.Release|Any CPU.Build.0 = Release|Any CPU
	EndGlobalSection
	GlobalSection(SolutionProperties) = preSolution
		HideSolutionNode = FALSE
	EndGlobalSection
	GlobalSection(ExtensibilityGlobals) = postSolution
		SolutionGuid = {D2C10967-C20E-4BF8-A6EA-83703C8DFA31}
	EndGlobalSection
EndGlobal
